// !$*UTF8*$!
{
	archiveVersion = 1;
	classes = {
	};
	objectVersion = 56;
	objects = {

/* Begin PBXBuildFile section */
		0300C4E22C5BD5D700F7CA94 /* CreateView.swift in Sources */ = {isa = PBXBuildFile; fileRef = 0300C4E12C5BD5D700F7CA94 /* CreateView.swift */; };
		0300C4E42C5CD08000F7CA94 /* DetailView.swift in Sources */ = {isa = PBXBuildFile; fileRef = 0300C4E32C5CD08000F7CA94 /* DetailView.swift */; };
		0300C4E62C5CD1A300F7CA94 /* CreateBoxView.swift in Sources */ = {isa = PBXBuildFile; fileRef = 0300C4E52C5CD1A300F7CA94 /* CreateBoxView.swift */; };
		0300C4E82C5CDA1700F7CA94 /* CreateViewModel.swift in Sources */ = {isa = PBXBuildFile; fileRef = 0300C4E72C5CDA1700F7CA94 /* CreateViewModel.swift */; };
		0300C4EA2C5D03B300F7CA94 /* HomeViewModel.swift in Sources */ = {isa = PBXBuildFile; fileRef = 0300C4E92C5D03B300F7CA94 /* HomeViewModel.swift */; };
		030E0A732C650CDF005B0725 /* DailyStepModel.swift in Sources */ = {isa = PBXBuildFile; fileRef = 030E0A722C650CDF005B0725 /* DailyStepModel.swift */; };
		030E0A752C6637DE005B0725 /* ProgressCircle.swift in Sources */ = {isa = PBXBuildFile; fileRef = 030E0A742C6637DE005B0725 /* ProgressCircle.swift */; };
		030E0A772C66569E005B0725 /* PersonViewModel.swift in Sources */ = {isa = PBXBuildFile; fileRef = 030E0A762C66569E005B0725 /* PersonViewModel.swift */; };
		031F03902C8F1FAA00670C3C /* ProgramService.swift in Sources */ = {isa = PBXBuildFile; fileRef = 031F038F2C8F1FAA00670C3C /* ProgramService.swift */; };
		034462D82C55314C00F588E6 /* GymAssistantApp.swift in Sources */ = {isa = PBXBuildFile; fileRef = 034462D72C55314C00F588E6 /* GymAssistantApp.swift */; };
		034462F02C5534F900F588E6 /* LoginView.swift in Sources */ = {isa = PBXBuildFile; fileRef = 034462EF2C5534F900F588E6 /* LoginView.swift */; };
		034462F32C5538C500F588E6 /* MainTabView.swift in Sources */ = {isa = PBXBuildFile; fileRef = 034462F22C5538C500F588E6 /* MainTabView.swift */; };
		034462F82C553ACD00F588E6 /* BaseTextField.swift in Sources */ = {isa = PBXBuildFile; fileRef = 034462F72C553ACD00F588E6 /* BaseTextField.swift */; };
		034462FA2C553B0A00F588E6 /* BaseSecureField.swift in Sources */ = {isa = PBXBuildFile; fileRef = 034462F92C553B0A00F588E6 /* BaseSecureField.swift */; };
		034462FC2C553B6A00F588E6 /* BaseButton.swift in Sources */ = {isa = PBXBuildFile; fileRef = 034462FB2C553B6A00F588E6 /* BaseButton.swift */; };
		034462FE2C553B9B00F588E6 /* TabButton.swift in Sources */ = {isa = PBXBuildFile; fileRef = 034462FD2C553B9B00F588E6 /* TabButton.swift */; };
		034463002C553C5100F588E6 /* LoginViewModel.swift in Sources */ = {isa = PBXBuildFile; fileRef = 034462FF2C553C5100F588E6 /* LoginViewModel.swift */; };
		034463042C553F7200F588E6 /* TabBarConstants.swift in Sources */ = {isa = PBXBuildFile; fileRef = 034463032C553F7200F588E6 /* TabBarConstants.swift */; };
		034463062C5542B500F588E6 /* HomeView.swift in Sources */ = {isa = PBXBuildFile; fileRef = 034463052C5542B500F588E6 /* HomeView.swift */; };
		034463082C5542D700F588E6 /* PersonView.swift in Sources */ = {isa = PBXBuildFile; fileRef = 034463072C5542D700F588E6 /* PersonView.swift */; };
		0344630A2C55443200F588E6 /* RegisterView.swift in Sources */ = {isa = PBXBuildFile; fileRef = 034463092C55443200F588E6 /* RegisterView.swift */; };
		0344630F2C554A0B00F588E6 /* Colors.xcassets in Resources */ = {isa = PBXBuildFile; fileRef = 0344630E2C554A0B00F588E6 /* Colors.xcassets */; };
		034463112C554AC100F588E6 /* Assets.xcassets in Resources */ = {isa = PBXBuildFile; fileRef = 034463102C554AC100F588E6 /* Assets.xcassets */; };
		0357F2902C6BC2A000BAE833 /* ForgotPassword.swift in Sources */ = {isa = PBXBuildFile; fileRef = 0357F28F2C6BC2A000BAE833 /* ForgotPassword.swift */; };
		0357F2942C6E453500BAE833 /* ProgramClass.swift in Sources */ = {isa = PBXBuildFile; fileRef = 0357F2932C6E453500BAE833 /* ProgramClass.swift */; };
		035879E22C946A6300B0AC78 /* ErrorAlert.swift in Sources */ = {isa = PBXBuildFile; fileRef = 035879E12C946A6300B0AC78 /* ErrorAlert.swift */; };
		035CFDE32C5AC58C001DE1EE /* Program.swift in Sources */ = {isa = PBXBuildFile; fileRef = 035CFDE22C5AC58C001DE1EE /* Program.swift */; };
		035CFDE52C5AD450001DE1EE /* DayGroupBox.swift in Sources */ = {isa = PBXBuildFile; fileRef = 035CFDE42C5AD450001DE1EE /* DayGroupBox.swift */; };
		037C18E02C56E76100934F70 /* FirebaseFirestoreSwift in Frameworks */ = {isa = PBXBuildFile; productRef = 037C18DF2C56E76100934F70 /* FirebaseFirestoreSwift */; };
		03A052712C80AC8700362F5C /* DoublePickerView.swift in Sources */ = {isa = PBXBuildFile; fileRef = 03A052702C80AC8700362F5C /* DoublePickerView.swift */; };
		03A052752C80C25200362F5C /* ChartModel.swift in Sources */ = {isa = PBXBuildFile; fileRef = 03A052742C80C25200362F5C /* ChartModel.swift */; };
		03A0527C2C81122900362F5C /* WidgetKit.framework in Frameworks */ = {isa = PBXBuildFile; fileRef = 03A0527B2C81122900362F5C /* WidgetKit.framework */; };
		03A0527E2C81122900362F5C /* SwiftUI.framework in Frameworks */ = {isa = PBXBuildFile; fileRef = 03A0527D2C81122900362F5C /* SwiftUI.framework */; };
		03A052812C81122900362F5C /* GymAssistantWidgetBundle.swift in Sources */ = {isa = PBXBuildFile; fileRef = 03A052802C81122900362F5C /* GymAssistantWidgetBundle.swift */; };
		03A052832C81122900362F5C /* GymAssistantWidget.swift in Sources */ = {isa = PBXBuildFile; fileRef = 03A052822C81122900362F5C /* GymAssistantWidget.swift */; };
		03A052852C81122A00362F5C /* Assets.xcassets in Resources */ = {isa = PBXBuildFile; fileRef = 03A052842C81122A00362F5C /* Assets.xcassets */; };
		03A052892C81122A00362F5C /* GymAssistantWidgetExtension.appex in Embed Foundation Extensions */ = {isa = PBXBuildFile; fileRef = 03A0527A2C81122900362F5C /* GymAssistantWidgetExtension.appex */; settings = {ATTRIBUTES = (RemoveHeadersOnCopy, ); }; };
		03D8471B2C5E4D270041E99B /* DetailStepper.swift in Sources */ = {isa = PBXBuildFile; fileRef = 03D8471A2C5E4D270041E99B /* DetailStepper.swift */; };
		03D8471D2C5E533E0041E99B /* ChartView.swift in Sources */ = {isa = PBXBuildFile; fileRef = 03D8471C2C5E533E0041E99B /* ChartView.swift */; };
		03D8471F2C5ED0870041E99B /* Weekday.swift in Sources */ = {isa = PBXBuildFile; fileRef = 03D8471E2C5ED0870041E99B /* Weekday.swift */; };
		03D847242C60FEB70041E99B /* HealthManager.swift in Sources */ = {isa = PBXBuildFile; fileRef = 03D847232C60FEB70041E99B /* HealthManager.swift */; };
		03D847272C624BD00041E99B /* DateExtension.swift in Sources */ = {isa = PBXBuildFile; fileRef = 03D847262C624BD00041E99B /* DateExtension.swift */; };
		03D849E42C7A780A0053835E /* ProgramHistoryView.swift in Sources */ = {isa = PBXBuildFile; fileRef = 03D849E32C7A780A0053835E /* ProgramHistoryView.swift */; };
		03D849E62C7A79150053835E /* ProgramHistoryViewModel.swift in Sources */ = {isa = PBXBuildFile; fileRef = 03D849E52C7A79150053835E /* ProgramHistoryViewModel.swift */; };
		03D849E82C7BDF4B0053835E /* ProgramBoxView.swift in Sources */ = {isa = PBXBuildFile; fileRef = 03D849E72C7BDF4B0053835E /* ProgramBoxView.swift */; };
		03D849EC2C7F1A7B0053835E /* SearchViewModel.swift in Sources */ = {isa = PBXBuildFile; fileRef = 03D849EB2C7F1A7B0053835E /* SearchViewModel.swift */; };
		03D849EE2C7F49790053835E /* SearchDetailView.swift in Sources */ = {isa = PBXBuildFile; fileRef = 03D849ED2C7F49790053835E /* SearchDetailView.swift */; };
		03D8FF6D2C7744C400CABEF1 /* BaseNavigationLink.swift in Sources */ = {isa = PBXBuildFile; fileRef = 03D8FF6C2C7744C400CABEF1 /* BaseNavigationLink.swift */; };
		03D8FF6F2C7776B400CABEF1 /* MainTabViewModel.swift in Sources */ = {isa = PBXBuildFile; fileRef = 03D8FF6E2C7776B400CABEF1 /* MainTabViewModel.swift */; };
		03DE08792C73895B0037E028 /* CreatePicker.swift in Sources */ = {isa = PBXBuildFile; fileRef = 03DE08782C73895B0037E028 /* CreatePicker.swift */; };
		03DE087C2C73DE270037E028 /* CreateSheet.swift in Sources */ = {isa = PBXBuildFile; fileRef = 03DE087B2C73DE270037E028 /* CreateSheet.swift */; };
		03E5FB492C56892400E31D34 /* GoogleService-Info.plist in Resources */ = {isa = PBXBuildFile; fileRef = 03E5FB482C56892400E31D34 /* GoogleService-Info.plist */; };
		03E5FB4E2C5698ED00E31D34 /* FirebaseStorage in Frameworks */ = {isa = PBXBuildFile; productRef = 03E5FB4D2C5698ED00E31D34 /* FirebaseStorage */; };
		03E5FB502C5698FC00E31D34 /* FirebaseAnalytics in Frameworks */ = {isa = PBXBuildFile; productRef = 03E5FB4F2C5698FC00E31D34 /* FirebaseAnalytics */; };
		03E5FB522C56991100E31D34 /* FirebaseAuth in Frameworks */ = {isa = PBXBuildFile; productRef = 03E5FB512C56991100E31D34 /* FirebaseAuth */; };
		03E5FB542C56991C00E31D34 /* FirebaseFirestore in Frameworks */ = {isa = PBXBuildFile; productRef = 03E5FB532C56991C00E31D34 /* FirebaseFirestore */; };
		03E5FB562C569C5E00E31D34 /* AuthService.swift in Sources */ = {isa = PBXBuildFile; fileRef = 03E5FB552C569C5E00E31D34 /* AuthService.swift */; };
		03E5FB5E2C56A61300E31D34 /* ContentView.swift in Sources */ = {isa = PBXBuildFile; fileRef = 03E5FB5D2C56A61300E31D34 /* ContentView.swift */; };
		03E5FB602C56A63100E31D34 /* ContentViewModel.swift in Sources */ = {isa = PBXBuildFile; fileRef = 03E5FB5F2C56A63100E31D34 /* ContentViewModel.swift */; };
		03E5FB632C56DBB200E31D34 /* User.swift in Sources */ = {isa = PBXBuildFile; fileRef = 03E5FB622C56DBB200E31D34 /* User.swift */; };
		03FA7D7B2C554DE7008A77A7 /* LoginText.swift in Sources */ = {isa = PBXBuildFile; fileRef = 03FA7D7A2C554DE7008A77A7 /* LoginText.swift */; };
		03FA7D7D2C556CFA008A77A7 /* RegisterViewModel.swift in Sources */ = {isa = PBXBuildFile; fileRef = 03FA7D7C2C556CFA008A77A7 /* RegisterViewModel.swift */; };
		03FA7D7F2C556E4D008A77A7 /* RegisterText.swift in Sources */ = {isa = PBXBuildFile; fileRef = 03FA7D7E2C556E4D008A77A7 /* RegisterText.swift */; };
		03FA7D822C557800008A77A7 /* SearchView.swift in Sources */ = {isa = PBXBuildFile; fileRef = 03FA7D812C557800008A77A7 /* SearchView.swift */; };
/* End PBXBuildFile section */

/* Begin PBXContainerItemProxy section */
		03A052872C81122A00362F5C /* PBXContainerItemProxy */ = {
			isa = PBXContainerItemProxy;
			containerPortal = 034462CC2C55314C00F588E6 /* Project object */;
			proxyType = 1;
			remoteGlobalIDString = 03A052792C81122900362F5C;
			remoteInfo = GymAssistantWidgetExtension;
		};
/* End PBXContainerItemProxy section */

/* Begin PBXCopyFilesBuildPhase section */
		03A0528D2C81122A00362F5C /* Embed Foundation Extensions */ = {
			isa = PBXCopyFilesBuildPhase;
			buildActionMask = 2147483647;
			dstPath = "";
			dstSubfolderSpec = 13;
			files = (
				03A052892C81122A00362F5C /* GymAssistantWidgetExtension.appex in Embed Foundation Extensions */,
			);
			name = "Embed Foundation Extensions";
			runOnlyForDeploymentPostprocessing = 0;
		};
/* End PBXCopyFilesBuildPhase section */

/* Begin PBXFileReference section */
		0300C4E12C5BD5D700F7CA94 /* CreateView.swift */ = {isa = PBXFileReference; lastKnownFileType = sourcecode.swift; path = CreateView.swift; sourceTree = "<group>"; };
		0300C4E32C5CD08000F7CA94 /* DetailView.swift */ = {isa = PBXFileReference; lastKnownFileType = sourcecode.swift; path = DetailView.swift; sourceTree = "<group>"; };
		0300C4E52C5CD1A300F7CA94 /* CreateBoxView.swift */ = {isa = PBXFileReference; lastKnownFileType = sourcecode.swift; path = CreateBoxView.swift; sourceTree = "<group>"; };
		0300C4E72C5CDA1700F7CA94 /* CreateViewModel.swift */ = {isa = PBXFileReference; lastKnownFileType = sourcecode.swift; path = CreateViewModel.swift; sourceTree = "<group>"; };
		0300C4E92C5D03B300F7CA94 /* HomeViewModel.swift */ = {isa = PBXFileReference; lastKnownFileType = sourcecode.swift; path = HomeViewModel.swift; sourceTree = "<group>"; };
		030E0A722C650CDF005B0725 /* DailyStepModel.swift */ = {isa = PBXFileReference; lastKnownFileType = sourcecode.swift; path = DailyStepModel.swift; sourceTree = "<group>"; };
		030E0A742C6637DE005B0725 /* ProgressCircle.swift */ = {isa = PBXFileReference; lastKnownFileType = sourcecode.swift; path = ProgressCircle.swift; sourceTree = "<group>"; };
		030E0A762C66569E005B0725 /* PersonViewModel.swift */ = {isa = PBXFileReference; lastKnownFileType = sourcecode.swift; path = PersonViewModel.swift; sourceTree = "<group>"; };
		031F038F2C8F1FAA00670C3C /* ProgramService.swift */ = {isa = PBXFileReference; lastKnownFileType = sourcecode.swift; path = ProgramService.swift; sourceTree = "<group>"; };
		034462D42C55314C00F588E6 /* GymAssistant.app */ = {isa = PBXFileReference; explicitFileType = wrapper.application; includeInIndex = 0; path = GymAssistant.app; sourceTree = BUILT_PRODUCTS_DIR; };
		034462D72C55314C00F588E6 /* GymAssistantApp.swift */ = {isa = PBXFileReference; lastKnownFileType = sourcecode.swift; path = GymAssistantApp.swift; sourceTree = "<group>"; };
		034462EF2C5534F900F588E6 /* LoginView.swift */ = {isa = PBXFileReference; lastKnownFileType = sourcecode.swift; path = LoginView.swift; sourceTree = "<group>"; };
		034462F22C5538C500F588E6 /* MainTabView.swift */ = {isa = PBXFileReference; lastKnownFileType = sourcecode.swift; path = MainTabView.swift; sourceTree = "<group>"; };
		034462F72C553ACD00F588E6 /* BaseTextField.swift */ = {isa = PBXFileReference; lastKnownFileType = sourcecode.swift; path = BaseTextField.swift; sourceTree = "<group>"; };
		034462F92C553B0A00F588E6 /* BaseSecureField.swift */ = {isa = PBXFileReference; lastKnownFileType = sourcecode.swift; path = BaseSecureField.swift; sourceTree = "<group>"; };
		034462FB2C553B6A00F588E6 /* BaseButton.swift */ = {isa = PBXFileReference; lastKnownFileType = sourcecode.swift; path = BaseButton.swift; sourceTree = "<group>"; };
		034462FD2C553B9B00F588E6 /* TabButton.swift */ = {isa = PBXFileReference; lastKnownFileType = sourcecode.swift; path = TabButton.swift; sourceTree = "<group>"; };
		034462FF2C553C5100F588E6 /* LoginViewModel.swift */ = {isa = PBXFileReference; lastKnownFileType = sourcecode.swift; path = LoginViewModel.swift; sourceTree = "<group>"; };
		034463032C553F7200F588E6 /* TabBarConstants.swift */ = {isa = PBXFileReference; lastKnownFileType = sourcecode.swift; path = TabBarConstants.swift; sourceTree = "<group>"; };
		034463052C5542B500F588E6 /* HomeView.swift */ = {isa = PBXFileReference; lastKnownFileType = sourcecode.swift; path = HomeView.swift; sourceTree = "<group>"; };
		034463072C5542D700F588E6 /* PersonView.swift */ = {isa = PBXFileReference; lastKnownFileType = sourcecode.swift; path = PersonView.swift; sourceTree = "<group>"; };
		034463092C55443200F588E6 /* RegisterView.swift */ = {isa = PBXFileReference; lastKnownFileType = sourcecode.swift; path = RegisterView.swift; sourceTree = "<group>"; };
		0344630E2C554A0B00F588E6 /* Colors.xcassets */ = {isa = PBXFileReference; lastKnownFileType = folder.assetcatalog; path = Colors.xcassets; sourceTree = "<group>"; };
		034463102C554AC100F588E6 /* Assets.xcassets */ = {isa = PBXFileReference; lastKnownFileType = folder.assetcatalog; path = Assets.xcassets; sourceTree = "<group>"; };
		0357F28F2C6BC2A000BAE833 /* ForgotPassword.swift */ = {isa = PBXFileReference; lastKnownFileType = sourcecode.swift; path = ForgotPassword.swift; sourceTree = "<group>"; };
		0357F2932C6E453500BAE833 /* ProgramClass.swift */ = {isa = PBXFileReference; lastKnownFileType = sourcecode.swift; path = ProgramClass.swift; sourceTree = "<group>"; };
		035879E12C946A6300B0AC78 /* ErrorAlert.swift */ = {isa = PBXFileReference; lastKnownFileType = sourcecode.swift; path = ErrorAlert.swift; sourceTree = "<group>"; };
		035CFDE22C5AC58C001DE1EE /* Program.swift */ = {isa = PBXFileReference; lastKnownFileType = sourcecode.swift; path = Program.swift; sourceTree = "<group>"; };
		035CFDE42C5AD450001DE1EE /* DayGroupBox.swift */ = {isa = PBXFileReference; lastKnownFileType = sourcecode.swift; path = DayGroupBox.swift; sourceTree = "<group>"; };
		03A052702C80AC8700362F5C /* DoublePickerView.swift */ = {isa = PBXFileReference; lastKnownFileType = sourcecode.swift; path = DoublePickerView.swift; sourceTree = "<group>"; };
		03A052742C80C25200362F5C /* ChartModel.swift */ = {isa = PBXFileReference; lastKnownFileType = sourcecode.swift; path = ChartModel.swift; sourceTree = "<group>"; };
		03A0527A2C81122900362F5C /* GymAssistantWidgetExtension.appex */ = {isa = PBXFileReference; explicitFileType = "wrapper.app-extension"; includeInIndex = 0; path = GymAssistantWidgetExtension.appex; sourceTree = BUILT_PRODUCTS_DIR; };
		03A0527B2C81122900362F5C /* WidgetKit.framework */ = {isa = PBXFileReference; lastKnownFileType = wrapper.framework; name = WidgetKit.framework; path = System/Library/Frameworks/WidgetKit.framework; sourceTree = SDKROOT; };
		03A0527D2C81122900362F5C /* SwiftUI.framework */ = {isa = PBXFileReference; lastKnownFileType = wrapper.framework; name = SwiftUI.framework; path = System/Library/Frameworks/SwiftUI.framework; sourceTree = SDKROOT; };
		03A052802C81122900362F5C /* GymAssistantWidgetBundle.swift */ = {isa = PBXFileReference; lastKnownFileType = sourcecode.swift; path = GymAssistantWidgetBundle.swift; sourceTree = "<group>"; };
		03A052822C81122900362F5C /* GymAssistantWidget.swift */ = {isa = PBXFileReference; lastKnownFileType = sourcecode.swift; path = GymAssistantWidget.swift; sourceTree = "<group>"; };
		03A052842C81122A00362F5C /* Assets.xcassets */ = {isa = PBXFileReference; lastKnownFileType = folder.assetcatalog; path = Assets.xcassets; sourceTree = "<group>"; };
		03A052862C81122A00362F5C /* Info.plist */ = {isa = PBXFileReference; lastKnownFileType = text.plist.xml; path = Info.plist; sourceTree = "<group>"; };
		03D8471A2C5E4D270041E99B /* DetailStepper.swift */ = {isa = PBXFileReference; lastKnownFileType = sourcecode.swift; path = DetailStepper.swift; sourceTree = "<group>"; };
		03D8471C2C5E533E0041E99B /* ChartView.swift */ = {isa = PBXFileReference; lastKnownFileType = sourcecode.swift; path = ChartView.swift; sourceTree = "<group>"; };
		03D8471E2C5ED0870041E99B /* Weekday.swift */ = {isa = PBXFileReference; lastKnownFileType = sourcecode.swift; path = Weekday.swift; sourceTree = "<group>"; };
		03D847232C60FEB70041E99B /* HealthManager.swift */ = {isa = PBXFileReference; lastKnownFileType = sourcecode.swift; path = HealthManager.swift; sourceTree = "<group>"; };
		03D847252C6241B50041E99B /* GymAssistant.entitlements */ = {isa = PBXFileReference; lastKnownFileType = text.plist.entitlements; path = GymAssistant.entitlements; sourceTree = "<group>"; };
		03D847262C624BD00041E99B /* DateExtension.swift */ = {isa = PBXFileReference; lastKnownFileType = sourcecode.swift; path = DateExtension.swift; sourceTree = "<group>"; };
		03D849E32C7A780A0053835E /* ProgramHistoryView.swift */ = {isa = PBXFileReference; lastKnownFileType = sourcecode.swift; path = ProgramHistoryView.swift; sourceTree = "<group>"; };
		03D849E52C7A79150053835E /* ProgramHistoryViewModel.swift */ = {isa = PBXFileReference; lastKnownFileType = sourcecode.swift; path = ProgramHistoryViewModel.swift; sourceTree = "<group>"; };
		03D849E72C7BDF4B0053835E /* ProgramBoxView.swift */ = {isa = PBXFileReference; lastKnownFileType = sourcecode.swift; path = ProgramBoxView.swift; sourceTree = "<group>"; };
		03D849EB2C7F1A7B0053835E /* SearchViewModel.swift */ = {isa = PBXFileReference; lastKnownFileType = sourcecode.swift; path = SearchViewModel.swift; sourceTree = "<group>"; };
		03D849ED2C7F49790053835E /* SearchDetailView.swift */ = {isa = PBXFileReference; lastKnownFileType = sourcecode.swift; path = SearchDetailView.swift; sourceTree = "<group>"; };
		03D8FF6C2C7744C400CABEF1 /* BaseNavigationLink.swift */ = {isa = PBXFileReference; lastKnownFileType = sourcecode.swift; path = BaseNavigationLink.swift; sourceTree = "<group>"; };
		03D8FF6E2C7776B400CABEF1 /* MainTabViewModel.swift */ = {isa = PBXFileReference; lastKnownFileType = sourcecode.swift; path = MainTabViewModel.swift; sourceTree = "<group>"; };
		03DE08782C73895B0037E028 /* CreatePicker.swift */ = {isa = PBXFileReference; lastKnownFileType = sourcecode.swift; path = CreatePicker.swift; sourceTree = "<group>"; };
		03DE087B2C73DE270037E028 /* CreateSheet.swift */ = {isa = PBXFileReference; lastKnownFileType = sourcecode.swift; path = CreateSheet.swift; sourceTree = "<group>"; };
		03E5FB482C56892400E31D34 /* GoogleService-Info.plist */ = {isa = PBXFileReference; fileEncoding = 4; lastKnownFileType = text.plist.xml; path = "GoogleService-Info.plist"; sourceTree = "<group>"; };
		03E5FB552C569C5E00E31D34 /* AuthService.swift */ = {isa = PBXFileReference; lastKnownFileType = sourcecode.swift; path = AuthService.swift; sourceTree = "<group>"; };
		03E5FB5D2C56A61300E31D34 /* ContentView.swift */ = {isa = PBXFileReference; lastKnownFileType = sourcecode.swift; path = ContentView.swift; sourceTree = "<group>"; };
		03E5FB5F2C56A63100E31D34 /* ContentViewModel.swift */ = {isa = PBXFileReference; lastKnownFileType = sourcecode.swift; path = ContentViewModel.swift; sourceTree = "<group>"; };
		03E5FB622C56DBB200E31D34 /* User.swift */ = {isa = PBXFileReference; lastKnownFileType = sourcecode.swift; path = User.swift; sourceTree = "<group>"; };
		03FA7D7A2C554DE7008A77A7 /* LoginText.swift */ = {isa = PBXFileReference; lastKnownFileType = sourcecode.swift; path = LoginText.swift; sourceTree = "<group>"; };
		03FA7D7C2C556CFA008A77A7 /* RegisterViewModel.swift */ = {isa = PBXFileReference; lastKnownFileType = sourcecode.swift; path = RegisterViewModel.swift; sourceTree = "<group>"; };
		03FA7D7E2C556E4D008A77A7 /* RegisterText.swift */ = {isa = PBXFileReference; lastKnownFileType = sourcecode.swift; path = RegisterText.swift; sourceTree = "<group>"; };
		03FA7D812C557800008A77A7 /* SearchView.swift */ = {isa = PBXFileReference; lastKnownFileType = sourcecode.swift; path = SearchView.swift; sourceTree = "<group>"; };
/* End PBXFileReference section */

/* Begin PBXFrameworksBuildPhase section */
		034462D12C55314C00F588E6 /* Frameworks */ = {
			isa = PBXFrameworksBuildPhase;
			buildActionMask = 2147483647;
			files = (
				037C18E02C56E76100934F70 /* FirebaseFirestoreSwift in Frameworks */,
				03E5FB502C5698FC00E31D34 /* FirebaseAnalytics in Frameworks */,
				03E5FB542C56991C00E31D34 /* FirebaseFirestore in Frameworks */,
				03E5FB522C56991100E31D34 /* FirebaseAuth in Frameworks */,
				03E5FB4E2C5698ED00E31D34 /* FirebaseStorage in Frameworks */,
			);
			runOnlyForDeploymentPostprocessing = 0;
		};
		03A052772C81122900362F5C /* Frameworks */ = {
			isa = PBXFrameworksBuildPhase;
			buildActionMask = 2147483647;
			files = (
				03A0527E2C81122900362F5C /* SwiftUI.framework in Frameworks */,
				03A0527C2C81122900362F5C /* WidgetKit.framework in Frameworks */,
			);
			runOnlyForDeploymentPostprocessing = 0;
		};
/* End PBXFrameworksBuildPhase section */

/* Begin PBXGroup section */
		031F03912C8F61AB00670C3C /* Error */ = {
			isa = PBXGroup;
			children = (
				035879E12C946A6300B0AC78 /* ErrorAlert.swift */,
			);
			path = Error;
			sourceTree = "<group>";
		};
		034462CB2C55314C00F588E6 = {
			isa = PBXGroup;
			children = (
				034462D62C55314C00F588E6 /* GymAssistant */,
				03A0527F2C81122900362F5C /* GymAssistantWidget */,
				034462D52C55314C00F588E6 /* Products */,
				03E5FB4C2C5698ED00E31D34 /* Frameworks */,
			);
			sourceTree = "<group>";
		};
		034462D52C55314C00F588E6 /* Products */ = {
			isa = PBXGroup;
			children = (
				034462D42C55314C00F588E6 /* GymAssistant.app */,
				03A0527A2C81122900362F5C /* GymAssistantWidgetExtension.appex */,
			);
			name = Products;
			sourceTree = "<group>";
		};
		034462D62C55314C00F588E6 /* GymAssistant */ = {
			isa = PBXGroup;
			children = (
				03D847252C6241B50041E99B /* GymAssistant.entitlements */,
				034462EB2C55330500F588E6 /* App */,
				034462E72C5531FE00F588E6 /* Core */,
				034462E62C5531EF00F588E6 /* Service */,
				034462EA2C55329900F588E6 /* ViewModel */,
				034462E92C55329200F588E6 /* View */,
				034462E52C55317D00F588E6 /* Model */,
			);
			path = GymAssistant;
			sourceTree = "<group>";
		};
		034462E52C55317D00F588E6 /* Model */ = {
			isa = PBXGroup;
			children = (
				035CFDE22C5AC58C001DE1EE /* Program.swift */,
				03A052742C80C25200362F5C /* ChartModel.swift */,
			);
			path = Model;
			sourceTree = "<group>";
		};
		034462E62C5531EF00F588E6 /* Service */ = {
			isa = PBXGroup;
			children = (
				031F038F2C8F1FAA00670C3C /* ProgramService.swift */,
			);
			path = Service;
			sourceTree = "<group>";
		};
		034462E72C5531FE00F588E6 /* Core */ = {
			isa = PBXGroup;
			children = (
				034462E82C55325700F588E6 /* Extensions */,
				03D847222C60FE6F0041E99B /* HealthKit */,
				03E5FB612C56DB9B00E31D34 /* Model */,
				03E5FB5A2C56A5E400E31D34 /* Root */,
				03E5FB572C569EBC00E31D34 /* Service */,
				034463012C553DA100F588E6 /* Constants */,
				034462F62C553A1600F588E6 /* BaseView */,
				034462F12C5538A600F588E6 /* TabBar */,
			);
			path = Core;
			sourceTree = "<group>";
		};
		034462E82C55325700F588E6 /* Extensions */ = {
			isa = PBXGroup;
			children = (
				03D847262C624BD00041E99B /* DateExtension.swift */,
			);
			path = Extensions;
			sourceTree = "<group>";
		};
		034462E92C55329200F588E6 /* View */ = {
			isa = PBXGroup;
			children = (
				034462EF2C5534F900F588E6 /* LoginView.swift */,
				034463052C5542B500F588E6 /* HomeView.swift */,
				034463072C5542D700F588E6 /* PersonView.swift */,
				034463092C55443200F588E6 /* RegisterView.swift */,
				03FA7D812C557800008A77A7 /* SearchView.swift */,
				0300C4E12C5BD5D700F7CA94 /* CreateView.swift */,
				0300C4E32C5CD08000F7CA94 /* DetailView.swift */,
				03D8471C2C5E533E0041E99B /* ChartView.swift */,
				03D849E32C7A780A0053835E /* ProgramHistoryView.swift */,
				03D849ED2C7F49790053835E /* SearchDetailView.swift */,
			);
			path = View;
			sourceTree = "<group>";
		};
		034462EA2C55329900F588E6 /* ViewModel */ = {
			isa = PBXGroup;
			children = (
				034462FF2C553C5100F588E6 /* LoginViewModel.swift */,
				03FA7D7C2C556CFA008A77A7 /* RegisterViewModel.swift */,
				0300C4E72C5CDA1700F7CA94 /* CreateViewModel.swift */,
				0300C4E92C5D03B300F7CA94 /* HomeViewModel.swift */,
				030E0A762C66569E005B0725 /* PersonViewModel.swift */,
				03D849E52C7A79150053835E /* ProgramHistoryViewModel.swift */,
				03D849EB2C7F1A7B0053835E /* SearchViewModel.swift */,
			);
			path = ViewModel;
			sourceTree = "<group>";
		};
		034462EB2C55330500F588E6 /* App */ = {
			isa = PBXGroup;
			children = (
				03FA7D802C557074008A77A7 /* Widget */,
				034463022C553F3C00F588E6 /* Constants */,
				0344630B2C5544DC00F588E6 /* Assets */,
				034462D72C55314C00F588E6 /* GymAssistantApp.swift */,
			);
			path = App;
			sourceTree = "<group>";
		};
		034462F12C5538A600F588E6 /* TabBar */ = {
			isa = PBXGroup;
			children = (
				034462F22C5538C500F588E6 /* MainTabView.swift */,
				034462FD2C553B9B00F588E6 /* TabButton.swift */,
				03D8FF6E2C7776B400CABEF1 /* MainTabViewModel.swift */,
			);
			path = TabBar;
			sourceTree = "<group>";
		};
		034462F42C55396100F588E6 /* FireBase */ = {
			isa = PBXGroup;
			children = (
				03E5FB552C569C5E00E31D34 /* AuthService.swift */,
			);
			path = FireBase;
			sourceTree = "<group>";
		};
		034462F52C55399800F588E6 /* AlamoFire */ = {
			isa = PBXGroup;
			children = (
			);
			path = AlamoFire;
			sourceTree = "<group>";
		};
		034462F62C553A1600F588E6 /* BaseView */ = {
			isa = PBXGroup;
			children = (
				034462F72C553ACD00F588E6 /* BaseTextField.swift */,
				034462F92C553B0A00F588E6 /* BaseSecureField.swift */,
				034462FB2C553B6A00F588E6 /* BaseButton.swift */,
				03D8FF6C2C7744C400CABEF1 /* BaseNavigationLink.swift */,
			);
			path = BaseView;
			sourceTree = "<group>";
		};
		034463012C553DA100F588E6 /* Constants */ = {
			isa = PBXGroup;
			children = (
				034463032C553F7200F588E6 /* TabBarConstants.swift */,
			);
			path = Constants;
			sourceTree = "<group>";
		};
		034463022C553F3C00F588E6 /* Constants */ = {
			isa = PBXGroup;
			children = (
				03FA7D7A2C554DE7008A77A7 /* LoginText.swift */,
				03FA7D7E2C556E4D008A77A7 /* RegisterText.swift */,
				03D8471E2C5ED0870041E99B /* Weekday.swift */,
				0357F2932C6E453500BAE833 /* ProgramClass.swift */,
			);
			path = Constants;
			sourceTree = "<group>";
		};
		0344630B2C5544DC00F588E6 /* Assets */ = {
			isa = PBXGroup;
			children = (
				03E5FB482C56892400E31D34 /* GoogleService-Info.plist */,
				034463102C554AC100F588E6 /* Assets.xcassets */,
				0344630E2C554A0B00F588E6 /* Colors.xcassets */,
			);
			path = Assets;
			sourceTree = "<group>";
		};
		03A0527F2C81122900362F5C /* GymAssistantWidget */ = {
			isa = PBXGroup;
			children = (
				03A052802C81122900362F5C /* GymAssistantWidgetBundle.swift */,
				03A052822C81122900362F5C /* GymAssistantWidget.swift */,
				03A052842C81122A00362F5C /* Assets.xcassets */,
				03A052862C81122A00362F5C /* Info.plist */,
			);
			path = GymAssistantWidget;
			sourceTree = "<group>";
		};
		03D847222C60FE6F0041E99B /* HealthKit */ = {
			isa = PBXGroup;
			children = (
				03D847232C60FEB70041E99B /* HealthManager.swift */,
			);
			path = HealthKit;
			sourceTree = "<group>";
		};
		03E5FB4C2C5698ED00E31D34 /* Frameworks */ = {
			isa = PBXGroup;
			children = (
				03A0527B2C81122900362F5C /* WidgetKit.framework */,
				03A0527D2C81122900362F5C /* SwiftUI.framework */,
			);
			name = Frameworks;
			sourceTree = "<group>";
		};
		03E5FB572C569EBC00E31D34 /* Service */ = {
			isa = PBXGroup;
			children = (
				031F03912C8F61AB00670C3C /* Error */,
				034462F42C55396100F588E6 /* FireBase */,
				034462F52C55399800F588E6 /* AlamoFire */,
			);
			path = Service;
			sourceTree = "<group>";
		};
		03E5FB5A2C56A5E400E31D34 /* Root */ = {
			isa = PBXGroup;
			children = (
				03E5FB5C2C56A5F700E31D34 /* ViewModel */,
				03E5FB5B2C56A5EF00E31D34 /* View */,
			);
			path = Root;
			sourceTree = "<group>";
		};
		03E5FB5B2C56A5EF00E31D34 /* View */ = {
			isa = PBXGroup;
			children = (
				03E5FB5D2C56A61300E31D34 /* ContentView.swift */,
			);
			path = View;
			sourceTree = "<group>";
		};
		03E5FB5C2C56A5F700E31D34 /* ViewModel */ = {
			isa = PBXGroup;
			children = (
				03E5FB5F2C56A63100E31D34 /* ContentViewModel.swift */,
			);
			path = ViewModel;
			sourceTree = "<group>";
		};
		03E5FB612C56DB9B00E31D34 /* Model */ = {
			isa = PBXGroup;
			children = (
				03E5FB622C56DBB200E31D34 /* User.swift */,
				030E0A722C650CDF005B0725 /* DailyStepModel.swift */,
			);
			path = Model;
			sourceTree = "<group>";
		};
		03FA7D802C557074008A77A7 /* Widget */ = {
			isa = PBXGroup;
			children = (
				035CFDE42C5AD450001DE1EE /* DayGroupBox.swift */,
				0300C4E52C5CD1A300F7CA94 /* CreateBoxView.swift */,
				03D8471A2C5E4D270041E99B /* DetailStepper.swift */,
				030E0A742C6637DE005B0725 /* ProgressCircle.swift */,
				0357F28F2C6BC2A000BAE833 /* ForgotPassword.swift */,
				03DE08782C73895B0037E028 /* CreatePicker.swift */,
				03DE087B2C73DE270037E028 /* CreateSheet.swift */,
				03D849E72C7BDF4B0053835E /* ProgramBoxView.swift */,
				03A052702C80AC8700362F5C /* DoublePickerView.swift */,
			);
			path = Widget;
			sourceTree = "<group>";
		};
/* End PBXGroup section */

/* Begin PBXNativeTarget section */
		034462D32C55314C00F588E6 /* GymAssistant */ = {
			isa = PBXNativeTarget;
			buildConfigurationList = 034462E22C55314D00F588E6 /* Build configuration list for PBXNativeTarget "GymAssistant" */;
			buildPhases = (
				034462D02C55314C00F588E6 /* Sources */,
				034462D12C55314C00F588E6 /* Frameworks */,
				034462D22C55314C00F588E6 /* Resources */,
				03A0528D2C81122A00362F5C /* Embed Foundation Extensions */,
			);
			buildRules = (
			);
			dependencies = (
				03A052882C81122A00362F5C /* PBXTargetDependency */,
			);
			name = GymAssistant;
			packageProductDependencies = (
				03E5FB4D2C5698ED00E31D34 /* FirebaseStorage */,
				03E5FB4F2C5698FC00E31D34 /* FirebaseAnalytics */,
				03E5FB512C56991100E31D34 /* FirebaseAuth */,
				03E5FB532C56991C00E31D34 /* FirebaseFirestore */,
				037C18DF2C56E76100934F70 /* FirebaseFirestoreSwift */,
			);
			productName = GymAssistant;
			productReference = 034462D42C55314C00F588E6 /* GymAssistant.app */;
			productType = "com.apple.product-type.application";
		};
		03A052792C81122900362F5C /* GymAssistantWidgetExtension */ = {
			isa = PBXNativeTarget;
			buildConfigurationList = 03A0528A2C81122A00362F5C /* Build configuration list for PBXNativeTarget "GymAssistantWidgetExtension" */;
			buildPhases = (
				03A052762C81122900362F5C /* Sources */,
				03A052772C81122900362F5C /* Frameworks */,
				03A052782C81122900362F5C /* Resources */,
			);
			buildRules = (
			);
			dependencies = (
			);
			name = GymAssistantWidgetExtension;
			productName = GymAssistantWidgetExtension;
			productReference = 03A0527A2C81122900362F5C /* GymAssistantWidgetExtension.appex */;
			productType = "com.apple.product-type.app-extension";
		};
/* End PBXNativeTarget section */

/* Begin PBXProject section */
		034462CC2C55314C00F588E6 /* Project object */ = {
			isa = PBXProject;
			attributes = {
				BuildIndependentTargetsInParallel = 1;
				LastSwiftUpdateCheck = 1540;
				LastUpgradeCheck = 1540;
				TargetAttributes = {
					034462D32C55314C00F588E6 = {
						CreatedOnToolsVersion = 15.4;
					};
					03A052792C81122900362F5C = {
						CreatedOnToolsVersion = 15.4;
					};
				};
			};
			buildConfigurationList = 034462CF2C55314C00F588E6 /* Build configuration list for PBXProject "GymAssistant" */;
			compatibilityVersion = "Xcode 14.0";
			developmentRegion = en;
			hasScannedForEncodings = 0;
			knownRegions = (
				en,
				Base,
			);
			mainGroup = 034462CB2C55314C00F588E6;
			packageReferences = (
				03E5FB4B2C56934D00E31D34 /* XCRemoteSwiftPackageReference "firebase-ios-sdk" */,
			);
			productRefGroup = 034462D52C55314C00F588E6 /* Products */;
			projectDirPath = "";
			projectRoot = "";
			targets = (
				034462D32C55314C00F588E6 /* GymAssistant */,
				03A052792C81122900362F5C /* GymAssistantWidgetExtension */,
			);
		};
/* End PBXProject section */

/* Begin PBXResourcesBuildPhase section */
		034462D22C55314C00F588E6 /* Resources */ = {
			isa = PBXResourcesBuildPhase;
			buildActionMask = 2147483647;
			files = (
				034463112C554AC100F588E6 /* Assets.xcassets in Resources */,
				0344630F2C554A0B00F588E6 /* Colors.xcassets in Resources */,
				03E5FB492C56892400E31D34 /* GoogleService-Info.plist in Resources */,
			);
			runOnlyForDeploymentPostprocessing = 0;
		};
		03A052782C81122900362F5C /* Resources */ = {
			isa = PBXResourcesBuildPhase;
			buildActionMask = 2147483647;
			files = (
				03A052852C81122A00362F5C /* Assets.xcassets in Resources */,
			);
			runOnlyForDeploymentPostprocessing = 0;
		};
/* End PBXResourcesBuildPhase section */

/* Begin PBXSourcesBuildPhase section */
		034462D02C55314C00F588E6 /* Sources */ = {
			isa = PBXSourcesBuildPhase;
			buildActionMask = 2147483647;
			files = (
				03FA7D7F2C556E4D008A77A7 /* RegisterText.swift in Sources */,
				03DE087C2C73DE270037E028 /* CreateSheet.swift in Sources */,
				03DE08792C73895B0037E028 /* CreatePicker.swift in Sources */,
				034462F32C5538C500F588E6 /* MainTabView.swift in Sources */,
				035CFDE52C5AD450001DE1EE /* DayGroupBox.swift in Sources */,
				030E0A772C66569E005B0725 /* PersonViewModel.swift in Sources */,
				034463042C553F7200F588E6 /* TabBarConstants.swift in Sources */,
				030E0A752C6637DE005B0725 /* ProgressCircle.swift in Sources */,
				03E5FB562C569C5E00E31D34 /* AuthService.swift in Sources */,
				03D849EE2C7F49790053835E /* SearchDetailView.swift in Sources */,
				03A052712C80AC8700362F5C /* DoublePickerView.swift in Sources */,
				034462F02C5534F900F588E6 /* LoginView.swift in Sources */,
				03E5FB5E2C56A61300E31D34 /* ContentView.swift in Sources */,
				034463062C5542B500F588E6 /* HomeView.swift in Sources */,
				0300C4E62C5CD1A300F7CA94 /* CreateBoxView.swift in Sources */,
				0300C4E42C5CD08000F7CA94 /* DetailView.swift in Sources */,
				03D849EC2C7F1A7B0053835E /* SearchViewModel.swift in Sources */,
				034462FA2C553B0A00F588E6 /* BaseSecureField.swift in Sources */,
				03D8471B2C5E4D270041E99B /* DetailStepper.swift in Sources */,
				034463082C5542D700F588E6 /* PersonView.swift in Sources */,
				03D8FF6D2C7744C400CABEF1 /* BaseNavigationLink.swift in Sources */,
				03D849E62C7A79150053835E /* ProgramHistoryViewModel.swift in Sources */,
				0300C4E22C5BD5D700F7CA94 /* CreateView.swift in Sources */,
				031F03902C8F1FAA00670C3C /* ProgramService.swift in Sources */,
				03E5FB632C56DBB200E31D34 /* User.swift in Sources */,
				034462F82C553ACD00F588E6 /* BaseTextField.swift in Sources */,
				0300C4E82C5CDA1700F7CA94 /* CreateViewModel.swift in Sources */,
				03FA7D7B2C554DE7008A77A7 /* LoginText.swift in Sources */,
				03D8471F2C5ED0870041E99B /* Weekday.swift in Sources */,
				035CFDE32C5AC58C001DE1EE /* Program.swift in Sources */,
				034463002C553C5100F588E6 /* LoginViewModel.swift in Sources */,
				03FA7D7D2C556CFA008A77A7 /* RegisterViewModel.swift in Sources */,
				034462FC2C553B6A00F588E6 /* BaseButton.swift in Sources */,
				03D8471D2C5E533E0041E99B /* ChartView.swift in Sources */,
				03FA7D822C557800008A77A7 /* SearchView.swift in Sources */,
				0300C4EA2C5D03B300F7CA94 /* HomeViewModel.swift in Sources */,
				035879E22C946A6300B0AC78 /* ErrorAlert.swift in Sources */,
				03D849E82C7BDF4B0053835E /* ProgramBoxView.swift in Sources */,
				03E5FB602C56A63100E31D34 /* ContentViewModel.swift in Sources */,
				03D847272C624BD00041E99B /* DateExtension.swift in Sources */,
				0344630A2C55443200F588E6 /* RegisterView.swift in Sources */,
				030E0A732C650CDF005B0725 /* DailyStepModel.swift in Sources */,
				0357F2902C6BC2A000BAE833 /* ForgotPassword.swift in Sources */,
				034462D82C55314C00F588E6 /* GymAssistantApp.swift in Sources */,
				0357F2942C6E453500BAE833 /* ProgramClass.swift in Sources */,
				034462FE2C553B9B00F588E6 /* TabButton.swift in Sources */,
				03D849E42C7A780A0053835E /* ProgramHistoryView.swift in Sources */,
				03D847242C60FEB70041E99B /* HealthManager.swift in Sources */,
				03A052752C80C25200362F5C /* ChartModel.swift in Sources */,
				03D8FF6F2C7776B400CABEF1 /* MainTabViewModel.swift in Sources */,
			);
			runOnlyForDeploymentPostprocessing = 0;
		};
		03A052762C81122900362F5C /* Sources */ = {
			isa = PBXSourcesBuildPhase;
			buildActionMask = 2147483647;
			files = (
				03A052832C81122900362F5C /* GymAssistantWidget.swift in Sources */,
				03A052812C81122900362F5C /* GymAssistantWidgetBundle.swift in Sources */,
			);
			runOnlyForDeploymentPostprocessing = 0;
		};
/* End PBXSourcesBuildPhase section */

/* Begin PBXTargetDependency section */
		03A052882C81122A00362F5C /* PBXTargetDependency */ = {
			isa = PBXTargetDependency;
			target = 03A052792C81122900362F5C /* GymAssistantWidgetExtension */;
			targetProxy = 03A052872C81122A00362F5C /* PBXContainerItemProxy */;
		};
/* End PBXTargetDependency section */

/* Begin XCBuildConfiguration section */
		034462E02C55314D00F588E6 /* Debug */ = {
			isa = XCBuildConfiguration;
			buildSettings = {
				ALWAYS_SEARCH_USER_PATHS = NO;
				ASSETCATALOG_COMPILER_GENERATE_SWIFT_ASSET_SYMBOL_EXTENSIONS = YES;
				CLANG_ANALYZER_NONNULL = YES;
				CLANG_ANALYZER_NUMBER_OBJECT_CONVERSION = YES_AGGRESSIVE;
				CLANG_CXX_LANGUAGE_STANDARD = "gnu++20";
				CLANG_ENABLE_MODULES = YES;
				CLANG_ENABLE_OBJC_ARC = YES;
				CLANG_ENABLE_OBJC_WEAK = YES;
				CLANG_WARN_BLOCK_CAPTURE_AUTORELEASING = YES;
				CLANG_WARN_BOOL_CONVERSION = YES;
				CLANG_WARN_COMMA = YES;
				CLANG_WARN_CONSTANT_CONVERSION = YES;
				CLANG_WARN_DEPRECATED_OBJC_IMPLEMENTATIONS = YES;
				CLANG_WARN_DIRECT_OBJC_ISA_USAGE = YES_ERROR;
				CLANG_WARN_DOCUMENTATION_COMMENTS = YES;
				CLANG_WARN_EMPTY_BODY = YES;
				CLANG_WARN_ENUM_CONVERSION = YES;
				CLANG_WARN_INFINITE_RECURSION = YES;
				CLANG_WARN_INT_CONVERSION = YES;
				CLANG_WARN_NON_LITERAL_NULL_CONVERSION = YES;
				CLANG_WARN_OBJC_IMPLICIT_RETAIN_SELF = YES;
				CLANG_WARN_OBJC_LITERAL_CONVERSION = YES;
				CLANG_WARN_OBJC_ROOT_CLASS = YES_ERROR;
				CLANG_WARN_QUOTED_INCLUDE_IN_FRAMEWORK_HEADER = YES;
				CLANG_WARN_RANGE_LOOP_ANALYSIS = YES;
				CLANG_WARN_STRICT_PROTOTYPES = YES;
				CLANG_WARN_SUSPICIOUS_MOVE = YES;
				CLANG_WARN_UNGUARDED_AVAILABILITY = YES_AGGRESSIVE;
				CLANG_WARN_UNREACHABLE_CODE = YES;
				CLANG_WARN__DUPLICATE_METHOD_MATCH = YES;
				COPY_PHASE_STRIP = NO;
				DEBUG_INFORMATION_FORMAT = dwarf;
				ENABLE_STRICT_OBJC_MSGSEND = YES;
				ENABLE_TESTABILITY = YES;
				ENABLE_USER_SCRIPT_SANDBOXING = YES;
				GCC_C_LANGUAGE_STANDARD = gnu17;
				GCC_DYNAMIC_NO_PIC = NO;
				GCC_NO_COMMON_BLOCKS = YES;
				GCC_OPTIMIZATION_LEVEL = 0;
				GCC_PREPROCESSOR_DEFINITIONS = (
					"DEBUG=1",
					"$(inherited)",
				);
				GCC_WARN_64_TO_32_BIT_CONVERSION = YES;
				GCC_WARN_ABOUT_RETURN_TYPE = YES_ERROR;
				GCC_WARN_UNDECLARED_SELECTOR = YES;
				GCC_WARN_UNINITIALIZED_AUTOS = YES_AGGRESSIVE;
				GCC_WARN_UNUSED_FUNCTION = YES;
				GCC_WARN_UNUSED_VARIABLE = YES;
				IPHONEOS_DEPLOYMENT_TARGET = 17.5;
				LOCALIZATION_PREFERS_STRING_CATALOGS = YES;
				MTL_ENABLE_DEBUG_INFO = INCLUDE_SOURCE;
				MTL_FAST_MATH = YES;
				ONLY_ACTIVE_ARCH = YES;
				SDKROOT = iphoneos;
				SWIFT_ACTIVE_COMPILATION_CONDITIONS = "DEBUG $(inherited)";
				SWIFT_OPTIMIZATION_LEVEL = "-Onone";
			};
			name = Debug;
		};
		034462E12C55314D00F588E6 /* Release */ = {
			isa = XCBuildConfiguration;
			buildSettings = {
				ALWAYS_SEARCH_USER_PATHS = NO;
				ASSETCATALOG_COMPILER_GENERATE_SWIFT_ASSET_SYMBOL_EXTENSIONS = YES;
				CLANG_ANALYZER_NONNULL = YES;
				CLANG_ANALYZER_NUMBER_OBJECT_CONVERSION = YES_AGGRESSIVE;
				CLANG_CXX_LANGUAGE_STANDARD = "gnu++20";
				CLANG_ENABLE_MODULES = YES;
				CLANG_ENABLE_OBJC_ARC = YES;
				CLANG_ENABLE_OBJC_WEAK = YES;
				CLANG_WARN_BLOCK_CAPTURE_AUTORELEASING = YES;
				CLANG_WARN_BOOL_CONVERSION = YES;
				CLANG_WARN_COMMA = YES;
				CLANG_WARN_CONSTANT_CONVERSION = YES;
				CLANG_WARN_DEPRECATED_OBJC_IMPLEMENTATIONS = YES;
				CLANG_WARN_DIRECT_OBJC_ISA_USAGE = YES_ERROR;
				CLANG_WARN_DOCUMENTATION_COMMENTS = YES;
				CLANG_WARN_EMPTY_BODY = YES;
				CLANG_WARN_ENUM_CONVERSION = YES;
				CLANG_WARN_INFINITE_RECURSION = YES;
				CLANG_WARN_INT_CONVERSION = YES;
				CLANG_WARN_NON_LITERAL_NULL_CONVERSION = YES;
				CLANG_WARN_OBJC_IMPLICIT_RETAIN_SELF = YES;
				CLANG_WARN_OBJC_LITERAL_CONVERSION = YES;
				CLANG_WARN_OBJC_ROOT_CLASS = YES_ERROR;
				CLANG_WARN_QUOTED_INCLUDE_IN_FRAMEWORK_HEADER = YES;
				CLANG_WARN_RANGE_LOOP_ANALYSIS = YES;
				CLANG_WARN_STRICT_PROTOTYPES = YES;
				CLANG_WARN_SUSPICIOUS_MOVE = YES;
				CLANG_WARN_UNGUARDED_AVAILABILITY = YES_AGGRESSIVE;
				CLANG_WARN_UNREACHABLE_CODE = YES;
				CLANG_WARN__DUPLICATE_METHOD_MATCH = YES;
				COPY_PHASE_STRIP = NO;
				DEBUG_INFORMATION_FORMAT = "dwarf-with-dsym";
				ENABLE_NS_ASSERTIONS = NO;
				ENABLE_STRICT_OBJC_MSGSEND = YES;
				ENABLE_USER_SCRIPT_SANDBOXING = YES;
				GCC_C_LANGUAGE_STANDARD = gnu17;
				GCC_NO_COMMON_BLOCKS = YES;
				GCC_WARN_64_TO_32_BIT_CONVERSION = YES;
				GCC_WARN_ABOUT_RETURN_TYPE = YES_ERROR;
				GCC_WARN_UNDECLARED_SELECTOR = YES;
				GCC_WARN_UNINITIALIZED_AUTOS = YES_AGGRESSIVE;
				GCC_WARN_UNUSED_FUNCTION = YES;
				GCC_WARN_UNUSED_VARIABLE = YES;
				IPHONEOS_DEPLOYMENT_TARGET = 17.5;
				LOCALIZATION_PREFERS_STRING_CATALOGS = YES;
				MTL_ENABLE_DEBUG_INFO = NO;
				MTL_FAST_MATH = YES;
				SDKROOT = iphoneos;
				SWIFT_COMPILATION_MODE = wholemodule;
				VALIDATE_PRODUCT = YES;
			};
			name = Release;
		};
		034462E32C55314D00F588E6 /* Debug */ = {
			isa = XCBuildConfiguration;
			buildSettings = {
				ALWAYS_EMBED_SWIFT_STANDARD_LIBRARIES = YES;
				ASSETCATALOG_COMPILER_APPICON_NAME = AppIcon;
				ASSETCATALOG_COMPILER_GLOBAL_ACCENT_COLOR_NAME = AccentColor;
				CODE_SIGN_ENTITLEMENTS = GymAssistant/GymAssistant.entitlements;
				CODE_SIGN_STYLE = Automatic;
				CURRENT_PROJECT_VERSION = 1;
				DEVELOPMENT_ASSET_PATHS = "\"GymAssistant/App/Assets\"";
				ENABLE_PREVIEWS = YES;
				GENERATE_INFOPLIST_FILE = YES;
				INFOPLIST_KEY_NSHealthShareUsageDescription = "Please allow access so your app can display step data";
				INFOPLIST_KEY_UIApplicationSceneManifest_Generation = YES;
				INFOPLIST_KEY_UIApplicationSupportsIndirectInputEvents = YES;
				INFOPLIST_KEY_UILaunchScreen_Generation = YES;
				INFOPLIST_KEY_UISupportedInterfaceOrientations_iPad = "UIInterfaceOrientationPortrait UIInterfaceOrientationPortraitUpsideDown UIInterfaceOrientationLandscapeLeft UIInterfaceOrientationLandscapeRight";
				INFOPLIST_KEY_UISupportedInterfaceOrientations_iPhone = "UIInterfaceOrientationPortrait UIInterfaceOrientationLandscapeLeft UIInterfaceOrientationLandscapeRight";
				LD_RUNPATH_SEARCH_PATHS = (
					"$(inherited)",
					"@executable_path/Frameworks",
				);
				MARKETING_VERSION = 1.0;
				PRODUCT_BUNDLE_IDENTIFIER = com.keremresnenli.GymAssistant;
				PRODUCT_NAME = "$(TARGET_NAME)";
				SUPPORTED_PLATFORMS = "iphoneos iphonesimulator";
				SUPPORTS_MACCATALYST = NO;
				SUPPORTS_MAC_DESIGNED_FOR_IPHONE_IPAD = NO;
				SUPPORTS_XR_DESIGNED_FOR_IPHONE_IPAD = NO;
				SWIFT_EMIT_LOC_STRINGS = YES;
				SWIFT_VERSION = 5.0;
				TARGETED_DEVICE_FAMILY = "1,2";
			};
			name = Debug;
		};
		034462E42C55314D00F588E6 /* Release */ = {
			isa = XCBuildConfiguration;
			buildSettings = {
				ALWAYS_EMBED_SWIFT_STANDARD_LIBRARIES = YES;
				ASSETCATALOG_COMPILER_APPICON_NAME = AppIcon;
				ASSETCATALOG_COMPILER_GLOBAL_ACCENT_COLOR_NAME = AccentColor;
				CODE_SIGN_ENTITLEMENTS = GymAssistant/GymAssistant.entitlements;
				CODE_SIGN_STYLE = Automatic;
				CURRENT_PROJECT_VERSION = 1;
				DEVELOPMENT_ASSET_PATHS = "\"GymAssistant/App/Assets\"";
				ENABLE_PREVIEWS = YES;
				GENERATE_INFOPLIST_FILE = YES;
				INFOPLIST_KEY_NSHealthShareUsageDescription = "Please allow access so your app can display step data";
				INFOPLIST_KEY_UIApplicationSceneManifest_Generation = YES;
				INFOPLIST_KEY_UIApplicationSupportsIndirectInputEvents = YES;
				INFOPLIST_KEY_UILaunchScreen_Generation = YES;
				INFOPLIST_KEY_UISupportedInterfaceOrientations_iPad = "UIInterfaceOrientationPortrait UIInterfaceOrientationPortraitUpsideDown UIInterfaceOrientationLandscapeLeft UIInterfaceOrientationLandscapeRight";
				INFOPLIST_KEY_UISupportedInterfaceOrientations_iPhone = "UIInterfaceOrientationPortrait UIInterfaceOrientationLandscapeLeft UIInterfaceOrientationLandscapeRight";
				LD_RUNPATH_SEARCH_PATHS = (
					"$(inherited)",
					"@executable_path/Frameworks",
				);
				MARKETING_VERSION = 1.0;
				PRODUCT_BUNDLE_IDENTIFIER = com.keremresnenli.GymAssistant;
				PRODUCT_NAME = "$(TARGET_NAME)";
				SUPPORTED_PLATFORMS = "iphoneos iphonesimulator";
				SUPPORTS_MACCATALYST = NO;
				SUPPORTS_MAC_DESIGNED_FOR_IPHONE_IPAD = NO;
				SUPPORTS_XR_DESIGNED_FOR_IPHONE_IPAD = NO;
				SWIFT_EMIT_LOC_STRINGS = YES;
				SWIFT_VERSION = 5.0;
				TARGETED_DEVICE_FAMILY = "1,2";
			};
			name = Release;
		};
		03A0528B2C81122A00362F5C /* Debug */ = {
			isa = XCBuildConfiguration;
			buildSettings = {
				ASSETCATALOG_COMPILER_GLOBAL_ACCENT_COLOR_NAME = AccentColor;
				ASSETCATALOG_COMPILER_WIDGET_BACKGROUND_COLOR_NAME = WidgetBackground;
				CODE_SIGN_STYLE = Automatic;
				CURRENT_PROJECT_VERSION = 1;
				GENERATE_INFOPLIST_FILE = YES;
				INFOPLIST_FILE = GymAssistantWidget/Info.plist;
				INFOPLIST_KEY_CFBundleDisplayName = GymAssistantWidget;
				INFOPLIST_KEY_NSHumanReadableCopyright = "";
				LD_RUNPATH_SEARCH_PATHS = (
					"$(inherited)",
					"@executable_path/Frameworks",
					"@executable_path/../../Frameworks",
				);
				MARKETING_VERSION = 1.0;
				PRODUCT_BUNDLE_IDENTIFIER = com.keremresnenli.GymAssistant.GymAssistantWidget;
				PRODUCT_NAME = "$(TARGET_NAME)";
				SKIP_INSTALL = YES;
				SWIFT_EMIT_LOC_STRINGS = YES;
				SWIFT_VERSION = 5.0;
				TARGETED_DEVICE_FAMILY = "1,2";
			};
			name = Debug;
		};
		03A0528C2C81122A00362F5C /* Release */ = {
			isa = XCBuildConfiguration;
			buildSettings = {
				ASSETCATALOG_COMPILER_GLOBAL_ACCENT_COLOR_NAME = AccentColor;
				ASSETCATALOG_COMPILER_WIDGET_BACKGROUND_COLOR_NAME = WidgetBackground;
				CODE_SIGN_STYLE = Automatic;
				CURRENT_PROJECT_VERSION = 1;
				GENERATE_INFOPLIST_FILE = YES;
				INFOPLIST_FILE = GymAssistantWidget/Info.plist;
				INFOPLIST_KEY_CFBundleDisplayName = GymAssistantWidget;
				INFOPLIST_KEY_NSHumanReadableCopyright = "";
				LD_RUNPATH_SEARCH_PATHS = (
					"$(inherited)",
					"@executable_path/Frameworks",
					"@executable_path/../../Frameworks",
				);
				MARKETING_VERSION = 1.0;
				PRODUCT_BUNDLE_IDENTIFIER = com.keremresnenli.GymAssistant.GymAssistantWidget;
				PRODUCT_NAME = "$(TARGET_NAME)";
				SKIP_INSTALL = YES;
				SWIFT_EMIT_LOC_STRINGS = YES;
				SWIFT_VERSION = 5.0;
				TARGETED_DEVICE_FAMILY = "1,2";
			};
			name = Release;
		};
/* End XCBuildConfiguration section */

/* Begin XCConfigurationList section */
		034462CF2C55314C00F588E6 /* Build configuration list for PBXProject "GymAssistant" */ = {
			isa = XCConfigurationList;
			buildConfigurations = (
				034462E02C55314D00F588E6 /* Debug */,
				034462E12C55314D00F588E6 /* Release */,
			);
			defaultConfigurationIsVisible = 0;
			defaultConfigurationName = Release;
		};
		034462E22C55314D00F588E6 /* Build configuration list for PBXNativeTarget "GymAssistant" */ = {
			isa = XCConfigurationList;
			buildConfigurations = (
				034462E32C55314D00F588E6 /* Debug */,
				034462E42C55314D00F588E6 /* Release */,
			);
			defaultConfigurationIsVisible = 0;
			defaultConfigurationName = Release;
		};
		03A0528A2C81122A00362F5C /* Build configuration list for PBXNativeTarget "GymAssistantWidgetExtension" */ = {
			isa = XCConfigurationList;
			buildConfigurations = (
				03A0528B2C81122A00362F5C /* Debug */,
				03A0528C2C81122A00362F5C /* Release */,
			);
			defaultConfigurationIsVisible = 0;
			defaultConfigurationName = Release;
		};
/* End XCConfigurationList section */

/* Begin XCRemoteSwiftPackageReference section */
		03E5FB4B2C56934D00E31D34 /* XCRemoteSwiftPackageReference "firebase-ios-sdk" */ = {
			isa = XCRemoteSwiftPackageReference;
			repositoryURL = "https://github.com/firebase/firebase-ios-sdk";
			requirement = {
				kind = upToNextMajorVersion;
				minimumVersion = 10.29.0;
			};
		};
/* End XCRemoteSwiftPackageReference section */

/* Begin XCSwiftPackageProductDependency section */
		037C18DF2C56E76100934F70 /* FirebaseFirestoreSwift */ = {
			isa = XCSwiftPackageProductDependency;
			package = 03E5FB4B2C56934D00E31D34 /* XCRemoteSwiftPackageReference "firebase-ios-sdk" */;
			productName = FirebaseFirestoreSwift;
		};
		03E5FB4D2C5698ED00E31D34 /* FirebaseStorage */ = {
			isa = XCSwiftPackageProductDependency;
			package = 03E5FB4B2C56934D00E31D34 /* XCRemoteSwiftPackageReference "firebase-ios-sdk" */;
			productName = FirebaseStorage;
		};
		03E5FB4F2C5698FC00E31D34 /* FirebaseAnalytics */ = {
			isa = XCSwiftPackageProductDependency;
			package = 03E5FB4B2C56934D00E31D34 /* XCRemoteSwiftPackageReference "firebase-ios-sdk" */;
			productName = FirebaseAnalytics;
		};
		03E5FB512C56991100E31D34 /* FirebaseAuth */ = {
			isa = XCSwiftPackageProductDependency;
			package = 03E5FB4B2C56934D00E31D34 /* XCRemoteSwiftPackageReference "firebase-ios-sdk" */;
			productName = FirebaseAuth;
		};
		03E5FB532C56991C00E31D34 /* FirebaseFirestore */ = {
			isa = XCSwiftPackageProductDependency;
			package = 03E5FB4B2C56934D00E31D34 /* XCRemoteSwiftPackageReference "firebase-ios-sdk" */;
			productName = FirebaseFirestore;
		};
/* End XCSwiftPackageProductDependency section */
	};
	rootObject = 034462CC2C55314C00F588E6 /* Project object */;
}
